
Microsoft Visual Studio Solution File, Format Version 12.00
# Visual Studio Version 17
VisualStudioVersion = 17.7.34031.279
MinimumVisualStudioVersion = 10.0.40219.1
Project("{2150E333-8FDC-42A3-9474-1A3956D46DE8}") = "src", "src", "{057BAF76-DEF8-4A89-89CF-2C377C47B946}"
EndProject
Project("{2150E333-8FDC-42A3-9474-1A3956D46DE8}") = "Adapters", "Adapters", "{021EBB64-E2F7-4F89-9358-C2F065328DB7}"
EndProject
Project("{2150E333-8FDC-42A3-9474-1A3956D46DE8}") = "Core", "Core", "{0D2EBA29-C952-457D-AC8E-113042EA06FB}"
EndProject
Project("{2150E333-8FDC-42A3-9474-1A3956D46DE8}") = "Driven", "Driven", "{37EDC2C4-AD54-497B-839D-A2AAAA0811F2}"
EndProject
Project("{2150E333-8FDC-42A3-9474-1A3956D46DE8}") = "Driving", "Driving", "{5C9FDDEA-DFCF-49F1-A036-5915724211E2}"
EndProject
Project("{2150E333-8FDC-42A3-9474-1A3956D46DE8}") = "Tests", "Tests", "{75D8BE0D-044A-485D-A1FA-0AD296535DE6}"
EndProject
Project("{9A19103F-16F7-4668-BE54-9A1E7A4F7556}") = "Domain", "Domain\Domain.csproj", "{5AD60F2C-DCAE-4636-ABBF-69C699D372A8}"
EndProject
Project("{9A19103F-16F7-4668-BE54-9A1E7A4F7556}") = "Infra.Data", "Infra.Repositories\Infra.Data.csproj", "{34046479-B283-416C-9C64-3DA8D687956C}"
EndProject
Project("{9A19103F-16F7-4668-BE54-9A1E7A4F7556}") = "Infra.ServiceBus", "Infra.ServiceBus\Infra.ServiceBus.csproj", "{79E7AD82-023E-48A9-AC80-2B8CA67966B8}"
EndProject
Project("{9A19103F-16F7-4668-BE54-9A1E7A4F7556}") = "Domain.Tests", "Domain.Tests\Domain.Tests.csproj", "{DF6D9D2A-1614-4D19-A683-7FAFB4A9BFF8}"
EndProject
Project("{9A19103F-16F7-4668-BE54-9A1E7A4F7556}") = "Application", "Application\Application.csproj", "{2C31FB95-E706-4819-91D6-EAD5C730DBDC}"
	ProjectSection(ProjectDependencies) = postProject
		{5AD60F2C-DCAE-4636-ABBF-69C699D372A8} = {5AD60F2C-DCAE-4636-ABBF-69C699D372A8}
	EndProjectSection
EndProject
Project("{9A19103F-16F7-4668-BE54-9A1E7A4F7556}") = "Infrastructure", "Infrastructure\Infrastructure.csproj", "{9145D74E-8184-4A31-A5DA-7E74850FAA8D}"
EndProject
Project("{9A19103F-16F7-4668-BE54-9A1E7A4F7556}") = "Api", "Api\Api.csproj", "{D4F2BFF6-9363-4BBC-B9D6-EB55BFBEF926}"
EndProject
Project("{2150E333-8FDC-42A3-9474-1A3956D46DE8}") = "Itens de Solução", "Itens de Solução", "{569245F3-FC34-47D5-BAE0-BE6B8A5916A1}"
	ProjectSection(SolutionItems) = preProject
		docker-compose.yml = docker-compose.yml
	EndProjectSection
EndProject
Project("{9A19103F-16F7-4668-BE54-9A1E7A4F7556}") = "Infra.MongoDB", "Infra.MongoDB\Infra.MongoDB.csproj", "{16C19EDC-A874-4593-A835-D4D26B900944}"
EndProject
Global
	GlobalSection(SolutionConfigurationPlatforms) = preSolution
		Debug|Any CPU = Debug|Any CPU
		Release|Any CPU = Release|Any CPU
	EndGlobalSection
	GlobalSection(ProjectConfigurationPlatforms) = postSolution
		{5AD60F2C-DCAE-4636-ABBF-69C699D372A8}.Debug|Any CPU.ActiveCfg = Debug|Any CPU
		{5AD60F2C-DCAE-4636-ABBF-69C699D372A8}.Debug|Any CPU.Build.0 = Debug|Any CPU
		{5AD60F2C-DCAE-4636-ABBF-69C699D372A8}.Release|Any CPU.ActiveCfg = Release|Any CPU
		{5AD60F2C-DCAE-4636-ABBF-69C699D372A8}.Release|Any CPU.Build.0 = Release|Any CPU
		{34046479-B283-416C-9C64-3DA8D687956C}.Debug|Any CPU.ActiveCfg = Debug|Any CPU
		{34046479-B283-416C-9C64-3DA8D687956C}.Debug|Any CPU.Build.0 = Debug|Any CPU
		{34046479-B283-416C-9C64-3DA8D687956C}.Release|Any CPU.ActiveCfg = Release|Any CPU
		{34046479-B283-416C-9C64-3DA8D687956C}.Release|Any CPU.Build.0 = Release|Any CPU
		{79E7AD82-023E-48A9-AC80-2B8CA67966B8}.Debug|Any CPU.ActiveCfg = Debug|Any CPU
		{79E7AD82-023E-48A9-AC80-2B8CA67966B8}.Debug|Any CPU.Build.0 = Debug|Any CPU
		{79E7AD82-023E-48A9-AC80-2B8CA67966B8}.Release|Any CPU.ActiveCfg = Release|Any CPU
		{79E7AD82-023E-48A9-AC80-2B8CA67966B8}.Release|Any CPU.Build.0 = Release|Any CPU
		{DF6D9D2A-1614-4D19-A683-7FAFB4A9BFF8}.Debug|Any CPU.ActiveCfg = Debug|Any CPU
		{DF6D9D2A-1614-4D19-A683-7FAFB4A9BFF8}.Debug|Any CPU.Build.0 = Debug|Any CPU
		{DF6D9D2A-1614-4D19-A683-7FAFB4A9BFF8}.Release|Any CPU.ActiveCfg = Release|Any CPU
		{DF6D9D2A-1614-4D19-A683-7FAFB4A9BFF8}.Release|Any CPU.Build.0 = Release|Any CPU
		{2C31FB95-E706-4819-91D6-EAD5C730DBDC}.Debug|Any CPU.ActiveCfg = Debug|Any CPU
		{2C31FB95-E706-4819-91D6-EAD5C730DBDC}.Debug|Any CPU.Build.0 = Debug|Any CPU
		{2C31FB95-E706-4819-91D6-EAD5C730DBDC}.Release|Any CPU.ActiveCfg = Release|Any CPU
		{2C31FB95-E706-4819-91D6-EAD5C730DBDC}.Release|Any CPU.Build.0 = Release|Any CPU
		{9145D74E-8184-4A31-A5DA-7E74850FAA8D}.Debug|Any CPU.ActiveCfg = Debug|Any CPU
		{9145D74E-8184-4A31-A5DA-7E74850FAA8D}.Debug|Any CPU.Build.0 = Debug|Any CPU
		{9145D74E-8184-4A31-A5DA-7E74850FAA8D}.Release|Any CPU.ActiveCfg = Release|Any CPU
		{9145D74E-8184-4A31-A5DA-7E74850FAA8D}.Release|Any CPU.Build.0 = Release|Any CPU
		{D4F2BFF6-9363-4BBC-B9D6-EB55BFBEF926}.Debug|Any CPU.ActiveCfg = Debug|Any CPU
		{D4F2BFF6-9363-4BBC-B9D6-EB55BFBEF926}.Debug|Any CPU.Build.0 = Debug|Any CPU
		{D4F2BFF6-9363-4BBC-B9D6-EB55BFBEF926}.Release|Any CPU.ActiveCfg = Release|Any CPU
		{D4F2BFF6-9363-4BBC-B9D6-EB55BFBEF926}.Release|Any CPU.Build.0 = Release|Any CPU
		{16C19EDC-A874-4593-A835-D4D26B900944}.Debug|Any CPU.ActiveCfg = Debug|Any CPU
		{16C19EDC-A874-4593-A835-D4D26B900944}.Debug|Any CPU.Build.0 = Debug|Any CPU
		{16C19EDC-A874-4593-A835-D4D26B900944}.Release|Any CPU.ActiveCfg = Release|Any CPU
		{16C19EDC-A874-4593-A835-D4D26B900944}.Release|Any CPU.Build.0 = Release|Any CPU
	EndGlobalSection
	GlobalSection(SolutionProperties) = preSolution
		HideSolutionNode = FALSE
	EndGlobalSection
	GlobalSection(NestedProjects) = preSolution
		{021EBB64-E2F7-4F89-9358-C2F065328DB7} = {057BAF76-DEF8-4A89-89CF-2C377C47B946}
		{0D2EBA29-C952-457D-AC8E-113042EA06FB} = {057BAF76-DEF8-4A89-89CF-2C377C47B946}
		{37EDC2C4-AD54-497B-839D-A2AAAA0811F2} = {021EBB64-E2F7-4F89-9358-C2F065328DB7}
		{5C9FDDEA-DFCF-49F1-A036-5915724211E2} = {021EBB64-E2F7-4F89-9358-C2F065328DB7}
		{5AD60F2C-DCAE-4636-ABBF-69C699D372A8} = {0D2EBA29-C952-457D-AC8E-113042EA06FB}
		{34046479-B283-416C-9C64-3DA8D687956C} = {37EDC2C4-AD54-497B-839D-A2AAAA0811F2}
		{79E7AD82-023E-48A9-AC80-2B8CA67966B8} = {37EDC2C4-AD54-497B-839D-A2AAAA0811F2}
		{DF6D9D2A-1614-4D19-A683-7FAFB4A9BFF8} = {75D8BE0D-044A-485D-A1FA-0AD296535DE6}
		{2C31FB95-E706-4819-91D6-EAD5C730DBDC} = {0D2EBA29-C952-457D-AC8E-113042EA06FB}
		{9145D74E-8184-4A31-A5DA-7E74850FAA8D} = {0D2EBA29-C952-457D-AC8E-113042EA06FB}
		{D4F2BFF6-9363-4BBC-B9D6-EB55BFBEF926} = {5C9FDDEA-DFCF-49F1-A036-5915724211E2}
		{16C19EDC-A874-4593-A835-D4D26B900944} = {37EDC2C4-AD54-497B-839D-A2AAAA0811F2}
	EndGlobalSection
	GlobalSection(ExtensibilityGlobals) = postSolution
		SolutionGuid = {047CCB14-0855-45B5-AA42-1FEE0C154A72}
	EndGlobalSection
EndGlobal
